{
  "name": "strn",
  "version": "0.0.0",
  "lockfileVersion": 2,
  "requires": true,
  "packages": {
    "": {
      "name": "strn",
      "version": "0.0.0",
      "license": "(MIT OR Apache-2.0)",
      "dependencies": {
        "@ipld/car": "^4.1.5",
        "@ipld/dag-cbor": "^7.0.3",
        "@ipld/dag-json": "^8.0.11",
        "@ipld/dag-pb": "^2.1.18",
        "@multiformats/blake2": "^1.0.11",
        "multiformats": "^9.9.0"
      }
    },
    "node_modules/@ipld/car": {
      "version": "4.1.5",
      "resolved": "https://registry.npmjs.org/@ipld/car/-/car-4.1.5.tgz",
      "integrity": "sha512-PFj4XsKOsxu5h12JUoBJ+mrAVqeA8YYq2bZbcE2sAIopJTwJIB5sBVTmc8ylkUsFXEysZQ4xQD+rZb3Ct0lbjQ==",
      "dependencies": {
        "@ipld/dag-cbor": "^7.0.0",
        "cborg": "^1.9.0",
        "multiformats": "^9.5.4",
        "varint": "^6.0.0"
      }
    },
    "node_modules/@ipld/dag-cbor": {
      "version": "7.0.3",
      "resolved": "https://registry.npmjs.org/@ipld/dag-cbor/-/dag-cbor-7.0.3.tgz",
      "integrity": "sha512-1VVh2huHsuohdXC1bGJNE8WR72slZ9XE2T3wbBBq31dm7ZBatmKLLxrB+XAqafxfRFjv08RZmj/W/ZqaM13AuA==",
      "dependencies": {
        "cborg": "^1.6.0",
        "multiformats": "^9.5.4"
      }
    },
    "node_modules/@ipld/dag-json": {
      "version": "8.0.11",
      "resolved": "https://registry.npmjs.org/@ipld/dag-json/-/dag-json-8.0.11.tgz",
      "integrity": "sha512-Pea7JXeYHTWXRTIhBqBlhw7G53PJ7yta3G/sizGEZyzdeEwhZRr0od5IQ0r2ZxOt1Do+2czddjeEPp+YTxDwCA==",
      "dependencies": {
        "cborg": "^1.5.4",
        "multiformats": "^9.5.4"
      }
    },
    "node_modules/@ipld/dag-pb": {
      "version": "2.1.18",
      "resolved": "https://registry.npmjs.org/@ipld/dag-pb/-/dag-pb-2.1.18.tgz",
      "integrity": "sha512-ZBnf2fuX9y3KccADURG5vb9FaOeMjFkCrNysB0PtftME/4iCTjxfaLoNq/IAh5fTqUOMXvryN6Jyka4ZGuMLIg==",
      "dependencies": {
        "multiformats": "^9.5.4"
      }
    },
    "node_modules/@multiformats/blake2": {
      "version": "1.0.11",
      "resolved": "https://registry.npmjs.org/@multiformats/blake2/-/blake2-1.0.11.tgz",
      "integrity": "sha512-SzCRbwalDfOv65FWE8rDlXOt3eSMGdxbb1cxz/+JtabIbxKmCoAdlDjGHbeGt4ctWPhKg+HLB9uiLDWH+duasw==",
      "dependencies": {
        "blakejs": "^1.1.1",
        "multiformats": "^9.5.4"
      }
    },
    "node_modules/blakejs": {
      "version": "1.2.1",
      "resolved": "https://registry.npmjs.org/blakejs/-/blakejs-1.2.1.tgz",
      "integrity": "sha512-QXUSXI3QVc/gJME0dBpXrag1kbzOqCjCX8/b54ntNyW6sjtoqxqRk3LTmXzaJoh71zMsDCjM+47jS7XiwN/+fQ=="
    },
    "node_modules/cborg": {
      "version": "1.9.5",
      "resolved": "https://registry.npmjs.org/cborg/-/cborg-1.9.5.tgz",
      "integrity": "sha512-fLBv8wmqtlXqy1Yu+pHzevAIkW6k2K0ZtMujNzWphLsA34vzzg9BHn+5GmZqOJkSA9V7EMKsWrf6K976c1QMjQ==",
      "bin": {
        "cborg": "cli.js"
      }
    },
    "node_modules/multiformats": {
      "version": "9.9.0",
      "resolved": "https://registry.npmjs.org/multiformats/-/multiformats-9.9.0.tgz",
      "integrity": "sha512-HoMUjhH9T8DDBNT+6xzkrd9ga/XiBI4xLr58LJACwK6G3HTOPeMz4nB4KJs33L2BelrIJa7P0VuNaVF3hMYfjg=="
    },
    "node_modules/varint": {
      "version": "6.0.0",
      "resolved": "https://registry.npmjs.org/varint/-/varint-6.0.0.tgz",
      "integrity": "sha512-cXEIW6cfr15lFv563k4GuVuW/fiwjknytD37jIOLSdSWuOI6WnO/oKwmP2FQTU2l01LP8/M5TSAJpzUaGe3uWg=="
    }
  },
  "dependencies": {
    "@ipld/car": {
      "version": "4.1.5",
      "resolved": "https://registry.npmjs.org/@ipld/car/-/car-4.1.5.tgz",
      "integrity": "sha512-PFj4XsKOsxu5h12JUoBJ+mrAVqeA8YYq2bZbcE2sAIopJTwJIB5sBVTmc8ylkUsFXEysZQ4xQD+rZb3Ct0lbjQ==",
      "requires": {
        "@ipld/dag-cbor": "^7.0.0",
        "cborg": "^1.9.0",
        "multiformats": "^9.5.4",
        "varint": "^6.0.0"
      }
    },
    "@ipld/dag-cbor": {
      "version": "7.0.3",
      "resolved": "https://registry.npmjs.org/@ipld/dag-cbor/-/dag-cbor-7.0.3.tgz",
      "integrity": "sha512-1VVh2huHsuohdXC1bGJNE8WR72slZ9XE2T3wbBBq31dm7ZBatmKLLxrB+XAqafxfRFjv08RZmj/W/ZqaM13AuA==",
      "requires": {
        "cborg": "^1.6.0",
        "multiformats": "^9.5.4"
      }
    },
    "@ipld/dag-json": {
      "version": "8.0.11",
      "resolved": "https://registry.npmjs.org/@ipld/dag-json/-/dag-json-8.0.11.tgz",
      "integrity": "sha512-Pea7JXeYHTWXRTIhBqBlhw7G53PJ7yta3G/sizGEZyzdeEwhZRr0od5IQ0r2ZxOt1Do+2czddjeEPp+YTxDwCA==",
      "requires": {
        "cborg": "^1.5.4",
        "multiformats": "^9.5.4"
      }
    },
    "@ipld/dag-pb": {
      "version": "2.1.18",
      "resolved": "https://registry.npmjs.org/@ipld/dag-pb/-/dag-pb-2.1.18.tgz",
      "integrity": "sha512-ZBnf2fuX9y3KccADURG5vb9FaOeMjFkCrNysB0PtftME/4iCTjxfaLoNq/IAh5fTqUOMXvryN6Jyka4ZGuMLIg==",
      "requires": {
        "multiformats": "^9.5.4"
      }
    },
    "@multiformats/blake2": {
      "version": "1.0.11",
      "resolved": "https://registry.npmjs.org/@multiformats/blake2/-/blake2-1.0.11.tgz",
      "integrity": "sha512-SzCRbwalDfOv65FWE8rDlXOt3eSMGdxbb1cxz/+JtabIbxKmCoAdlDjGHbeGt4ctWPhKg+HLB9uiLDWH+duasw==",
      "requires": {
        "blakejs": "^1.1.1",
        "multiformats": "^9.5.4"
      }
    },
    "blakejs": {
      "version": "1.2.1",
      "resolved": "https://registry.npmjs.org/blakejs/-/blakejs-1.2.1.tgz",
      "integrity": "sha512-QXUSXI3QVc/gJME0dBpXrag1kbzOqCjCX8/b54ntNyW6sjtoqxqRk3LTmXzaJoh71zMsDCjM+47jS7XiwN/+fQ=="
    },
    "cborg": {
      "version": "1.9.5",
      "resolved": "https://registry.npmjs.org/cborg/-/cborg-1.9.5.tgz",
      "integrity": "sha512-fLBv8wmqtlXqy1Yu+pHzevAIkW6k2K0ZtMujNzWphLsA34vzzg9BHn+5GmZqOJkSA9V7EMKsWrf6K976c1QMjQ=="
    },
    "multiformats": {
      "version": "9.9.0",
      "resolved": "https://registry.npmjs.org/multiformats/-/multiformats-9.9.0.tgz",
      "integrity": "sha512-HoMUjhH9T8DDBNT+6xzkrd9ga/XiBI4xLr58LJACwK6G3HTOPeMz4nB4KJs33L2BelrIJa7P0VuNaVF3hMYfjg=="
    },
    "varint": {
      "version": "6.0.0",
      "resolved": "https://registry.npmjs.org/varint/-/varint-6.0.0.tgz",
      "integrity": "sha512-cXEIW6cfr15lFv563k4GuVuW/fiwjknytD37jIOLSdSWuOI6WnO/oKwmP2FQTU2l01LP8/M5TSAJpzUaGe3uWg=="
    }
  }
}
